
Microsoft Visual Studio Solution File, Format Version 12.00
# Visual Studio Version 17
VisualStudioVersion = 17.4.33205.214
MinimumVisualStudioVersion = 10.0.40219.1
Project("{FAE04EC0-301F-11D3-BF4B-00C04F79EFBC}") = "deneme5", "deneme5\deneme5.csproj", "{4689DFB7-E06B-42A9-8C92-82C9EA829FD1}"
EndProject
Project("{FAE04EC0-301F-11D3-BF4B-00C04F79EFBC}") = "webapi", "webapi\webapi.csproj", "{28190729-AEA8-460D-B87E-EE97C7C9DEEF}"
EndProject
Global
	GlobalSection(SolutionConfigurationPlatforms) = preSolution
		Debug|Any CPU = Debug|Any CPU
		Release|Any CPU = Release|Any CPU
	EndGlobalSection
	GlobalSection(ProjectConfigurationPlatforms) = postSolution
		{4689DFB7-E06B-42A9-8C92-82C9EA829FD1}.Debug|Any CPU.ActiveCfg = Debug|Any CPU
		{4689DFB7-E06B-42A9-8C92-82C9EA829FD1}.Debug|Any CPU.Build.0 = Debug|Any CPU
		{4689DFB7-E06B-42A9-8C92-82C9EA829FD1}.Release|Any CPU.ActiveCfg = Release|Any CPU
		{4689DFB7-E06B-42A9-8C92-82C9EA829FD1}.Release|Any CPU.Build.0 = Release|Any CPU
		{28190729-AEA8-460D-B87E-EE97C7C9DEEF}.Debug|Any CPU.ActiveCfg = Debug|Any CPU
		{28190729-AEA8-460D-B87E-EE97C7C9DEEF}.Debug|Any CPU.Build.0 = Debug|Any CPU
		{28190729-AEA8-460D-B87E-EE97C7C9DEEF}.Release|Any CPU.ActiveCfg = Release|Any CPU
		{28190729-AEA8-460D-B87E-EE97C7C9DEEF}.Release|Any CPU.Build.0 = Release|Any CPU
	EndGlobalSection
	GlobalSection(SolutionProperties) = preSolution
		HideSolutionNode = FALSE
	EndGlobalSection
	GlobalSection(ExtensibilityGlobals) = postSolution
		SolutionGuid = {E022A698-EF3A-4960-97A1-FD6CEA7DB450}
	EndGlobalSection
EndGlobal
